
Microsoft Visual Studio Solution File, Format Version 12.00
# Visual Studio Version 16
VisualStudioVersion = 16.0.28922.388
MinimumVisualStudioVersion = 10.0.40219.1
Project("{8BC9CEB8-8B4A-11D0-8D11-00A0C91BC942}") = "essentutils", "essentutils.vcxproj", "{1C70FF5C-CDC9-426E-9C6A-922919183BAB}"
EndProject
Project("{8BC9CEB8-8B4A-11D0-8D11-00A0C91BC942}") = "essentutils_tests", "..\..\tests\project\vs2019\essentutils_tests.vcxproj", "{89AE20FC-29EE-473D-A8B6-144CC7A4EFCC}"
EndProject
Global
	GlobalSection(SolutionConfigurationPlatforms) = preSolution
		Debug DLL|x64 = Debug DLL|x64
		Debug DLL|x86 = Debug DLL|x86
		Debug Lib|x64 = Debug Lib|x64
		Debug Lib|x86 = Debug Lib|x86
		Release DLL|x64 = Release DLL|x64
		Release DLL|x86 = Release DLL|x86
		Release Lib|x64 = Release Lib|x64
		Release Lib|x86 = Release Lib|x86
	EndGlobalSection
	GlobalSection(ProjectConfigurationPlatforms) = postSolution
		{1C70FF5C-CDC9-426E-9C6A-922919183BAB}.Debug DLL|x64.ActiveCfg = Debug DLL|x64
		{1C70FF5C-CDC9-426E-9C6A-922919183BAB}.Debug DLL|x64.Build.0 = Debug DLL|x64
		{1C70FF5C-CDC9-426E-9C6A-922919183BAB}.Debug DLL|x86.ActiveCfg = Debug DLL|Win32
		{1C70FF5C-CDC9-426E-9C6A-922919183BAB}.Debug DLL|x86.Build.0 = Debug DLL|Win32
		{1C70FF5C-CDC9-426E-9C6A-922919183BAB}.Debug Lib|x64.ActiveCfg = Debug Lib|x64
		{1C70FF5C-CDC9-426E-9C6A-922919183BAB}.Debug Lib|x64.Build.0 = Debug Lib|x64
		{1C70FF5C-CDC9-426E-9C6A-922919183BAB}.Debug Lib|x86.ActiveCfg = Debug Lib|Win32
		{1C70FF5C-CDC9-426E-9C6A-922919183BAB}.Debug Lib|x86.Build.0 = Debug Lib|Win32
		{1C70FF5C-CDC9-426E-9C6A-922919183BAB}.Release DLL|x64.ActiveCfg = Release DLL|x64
		{1C70FF5C-CDC9-426E-9C6A-922919183BAB}.Release DLL|x64.Build.0 = Release DLL|x64
		{1C70FF5C-CDC9-426E-9C6A-922919183BAB}.Release DLL|x86.ActiveCfg = Release DLL|Win32
		{1C70FF5C-CDC9-426E-9C6A-922919183BAB}.Release DLL|x86.Build.0 = Release DLL|Win32
		{1C70FF5C-CDC9-426E-9C6A-922919183BAB}.Release Lib|x64.ActiveCfg = Release Lib|x64
		{1C70FF5C-CDC9-426E-9C6A-922919183BAB}.Release Lib|x64.Build.0 = Release Lib|x64
		{1C70FF5C-CDC9-426E-9C6A-922919183BAB}.Release Lib|x86.ActiveCfg = Release Lib|Win32
		{1C70FF5C-CDC9-426E-9C6A-922919183BAB}.Release Lib|x86.Build.0 = Release Lib|Win32
		{89AE20FC-29EE-473D-A8B6-144CC7A4EFCC}.Debug DLL|x64.ActiveCfg = Debug DLL|x64
		{89AE20FC-29EE-473D-A8B6-144CC7A4EFCC}.Debug DLL|x64.Build.0 = Debug DLL|x64
		{89AE20FC-29EE-473D-A8B6-144CC7A4EFCC}.Debug DLL|x86.ActiveCfg = Debug DLL|Win32
		{89AE20FC-29EE-473D-A8B6-144CC7A4EFCC}.Debug DLL|x86.Build.0 = Debug DLL|Win32
		{89AE20FC-29EE-473D-A8B6-144CC7A4EFCC}.Debug Lib|x64.ActiveCfg = Debug Lib|x64
		{89AE20FC-29EE-473D-A8B6-144CC7A4EFCC}.Debug Lib|x64.Build.0 = Debug Lib|x64
		{89AE20FC-29EE-473D-A8B6-144CC7A4EFCC}.Debug Lib|x86.ActiveCfg = Debug Lib|Win32
		{89AE20FC-29EE-473D-A8B6-144CC7A4EFCC}.Debug Lib|x86.Build.0 = Debug Lib|Win32
		{89AE20FC-29EE-473D-A8B6-144CC7A4EFCC}.Release DLL|x64.ActiveCfg = Release DLL|x64
		{89AE20FC-29EE-473D-A8B6-144CC7A4EFCC}.Release DLL|x64.Build.0 = Release DLL|x64
		{89AE20FC-29EE-473D-A8B6-144CC7A4EFCC}.Release DLL|x86.ActiveCfg = Release DLL|Win32
		{89AE20FC-29EE-473D-A8B6-144CC7A4EFCC}.Release DLL|x86.Build.0 = Release DLL|Win32
		{89AE20FC-29EE-473D-A8B6-144CC7A4EFCC}.Release Lib|x64.ActiveCfg = Release Lib|x64
		{89AE20FC-29EE-473D-A8B6-144CC7A4EFCC}.Release Lib|x64.Build.0 = Release Lib|x64
		{89AE20FC-29EE-473D-A8B6-144CC7A4EFCC}.Release Lib|x86.ActiveCfg = Release Lib|Win32
		{89AE20FC-29EE-473D-A8B6-144CC7A4EFCC}.Release Lib|x86.Build.0 = Release Lib|Win32
	EndGlobalSection
	GlobalSection(SolutionProperties) = preSolution
		HideSolutionNode = FALSE
	EndGlobalSection
	GlobalSection(ExtensibilityGlobals) = postSolution
		SolutionGuid = {3E0355C5-0563-4DA3-8531-E2660BB5810A}
	EndGlobalSection
EndGlobal
